
Microsoft Visual Studio Solution File, Format Version 12.00
# Visual Studio Version 17
VisualStudioVersion = 17.13.36105.23
MinimumVisualStudioVersion = 10.0.40219.1
Project("{FAE04EC0-301F-11D3-BF4B-00C04F79EFBC}") = "Folders Managment", "Application On Tree View\Folders Managment.csproj", "{DE515BAC-9ACB-4CFA-9F73-9B35A77D8638}"
EndProject
Global
	GlobalSection(SolutionConfigurationPlatforms) = preSolution
		Debug|Any CPU = Debug|Any CPU
		Release|Any CPU = Release|Any CPU
	EndGlobalSection
	GlobalSection(ProjectConfigurationPlatforms) = postSolution
		{DE515BAC-9ACB-4CFA-9F73-9B35A77D8638}.Debug|Any CPU.ActiveCfg = Debug|Any CPU
		{DE515BAC-9ACB-4CFA-9F73-9B35A77D8638}.Debug|Any CPU.Build.0 = Debug|Any CPU
		{DE515BAC-9ACB-4CFA-9F73-9B35A77D8638}.Release|Any CPU.ActiveCfg = Release|Any CPU
		{DE515BAC-9ACB-4CFA-9F73-9B35A77D8638}.Release|Any CPU.Build.0 = Release|Any CPU
	EndGlobalSection
	GlobalSection(SolutionProperties) = preSolution
		HideSolutionNode = FALSE
	EndGlobalSection
	GlobalSection(ExtensibilityGlobals) = postSolution
		SolutionGuid = {5580B40A-2C98-4EA8-960D-15ED2838381E}
	EndGlobalSection
EndGlobal
